// !$*UTF8*$!
{
	archiveVersion = 1;
	classes = {
	};
	objectVersion = 60;
	objects = {

/* Begin PBXBuildFile section */
		528BEB2726872321008DB3C2 /* Tests_iOS.swift in Sources */ = {isa = PBXBuildFile; fileRef = 528BEB2626872321008DB3C2 /* Tests_iOS.swift */; };
		528BEB3226872321008DB3C2 /* Tests_macOS.swift in Sources */ = {isa = PBXBuildFile; fileRef = 528BEB3126872321008DB3C2 /* Tests_macOS.swift */; };
		7654F8562E12D53B0037F6AC /* BwNearPeer in Frameworks */ = {isa = PBXBuildFile; productRef = 7654F8552E12D53B0037F6AC /* BwNearPeer */; };
		767F082F2E12D3DF008300B1 /* Assets.xcassets in Resources */ = {isa = PBXBuildFile; fileRef = 767F08292E12D3DF008300B1 /* Assets.xcassets */; };
		767F08302E12D3DF008300B1 /* ErrorMessageCard.swift in Sources */ = {isa = PBXBuildFile; fileRef = 767F08242E12D3DF008300B1 /* ErrorMessageCard.swift */; };
		767F08312E12D3DF008300B1 /* MessageReceiveCard.swift in Sources */ = {isa = PBXBuildFile; fileRef = 767F08252E12D3DF008300B1 /* MessageReceiveCard.swift */; };
		767F08322E12D3DF008300B1 /* MessageSendCard.swift in Sources */ = {isa = PBXBuildFile; fileRef = 767F08262E12D3DF008300B1 /* MessageSendCard.swift */; };
		767F08332E12D3DF008300B1 /* ConnectionStatusCard.swift in Sources */ = {isa = PBXBuildFile; fileRef = 767F08232E12D3DF008300B1 /* ConnectionStatusCard.swift */; };
		767F08352E12D3DF008300B1 /* ConnectionState.swift in Sources */ = {isa = PBXBuildFile; fileRef = 767F081F2E12D3DF008300B1 /* ConnectionState.swift */; };
		767F08362E12D3DF008300B1 /* NearPeerConfiguration.swift in Sources */ = {isa = PBXBuildFile; fileRef = 767F081D2E12D3DF008300B1 /* NearPeerConfiguration.swift */; };
		767F08372E12D3DF008300B1 /* NearPeerService.swift in Sources */ = {isa = PBXBuildFile; fileRef = 767F08212E12D3DF008300B1 /* NearPeerService.swift */; };
		767F08382E12D3DF008300B1 /* BorderedText.swift in Sources */ = {isa = PBXBuildFile; fileRef = 767F082A2E12D3DF008300B1 /* BorderedText.swift */; };
		767F08392E12D3DF008300B1 /* ContentView.swift in Sources */ = {isa = PBXBuildFile; fileRef = 767F082B2E12D3DF008300B1 /* ContentView.swift */; };
		767F083A2E12D3DF008300B1 /* NearPeerExampleApp.swift in Sources */ = {isa = PBXBuildFile; fileRef = 767F082D2E12D3DF008300B1 /* NearPeerExampleApp.swift */; };
		767F083B2E12D3DF008300B1 /* Assets.xcassets in Resources */ = {isa = PBXBuildFile; fileRef = 767F08292E12D3DF008300B1 /* Assets.xcassets */; };
		767F083C2E12D3DF008300B1 /* ErrorMessageCard.swift in Sources */ = {isa = PBXBuildFile; fileRef = 767F08242E12D3DF008300B1 /* ErrorMessageCard.swift */; };
		767F083D2E12D3DF008300B1 /* MessageReceiveCard.swift in Sources */ = {isa = PBXBuildFile; fileRef = 767F08252E12D3DF008300B1 /* MessageReceiveCard.swift */; };
		767F083E2E12D3DF008300B1 /* MessageSendCard.swift in Sources */ = {isa = PBXBuildFile; fileRef = 767F08262E12D3DF008300B1 /* MessageSendCard.swift */; };
		767F083F2E12D3DF008300B1 /* ConnectionStatusCard.swift in Sources */ = {isa = PBXBuildFile; fileRef = 767F08232E12D3DF008300B1 /* ConnectionStatusCard.swift */; };
		767F08412E12D3DF008300B1 /* ConnectionState.swift in Sources */ = {isa = PBXBuildFile; fileRef = 767F081F2E12D3DF008300B1 /* ConnectionState.swift */; };
		767F08422E12D3DF008300B1 /* NearPeerConfiguration.swift in Sources */ = {isa = PBXBuildFile; fileRef = 767F081D2E12D3DF008300B1 /* NearPeerConfiguration.swift */; };
		767F08432E12D3DF008300B1 /* NearPeerService.swift in Sources */ = {isa = PBXBuildFile; fileRef = 767F08212E12D3DF008300B1 /* NearPeerService.swift */; };
		767F08442E12D3DF008300B1 /* BorderedText.swift in Sources */ = {isa = PBXBuildFile; fileRef = 767F082A2E12D3DF008300B1 /* BorderedText.swift */; };
		767F08452E12D3DF008300B1 /* ContentView.swift in Sources */ = {isa = PBXBuildFile; fileRef = 767F082B2E12D3DF008300B1 /* ContentView.swift */; };
		767F08462E12D3DF008300B1 /* NearPeerExampleApp.swift in Sources */ = {isa = PBXBuildFile; fileRef = 767F082D2E12D3DF008300B1 /* NearPeerExampleApp.swift */; };
/* End PBXBuildFile section */

/* Begin PBXContainerItemProxy section */
		528BEB2326872321008DB3C2 /* PBXContainerItemProxy */ = {
			isa = PBXContainerItemProxy;
			containerPortal = 528BEB0626872320008DB3C2 /* Project object */;
			proxyType = 1;
			remoteGlobalIDString = 528BEB1126872321008DB3C2;
			remoteInfo = "NearPeerExample (iOS)";
		};
		528BEB2E26872321008DB3C2 /* PBXContainerItemProxy */ = {
			isa = PBXContainerItemProxy;
			containerPortal = 528BEB0626872320008DB3C2 /* Project object */;
			proxyType = 1;
			remoteGlobalIDString = 528BEB1926872321008DB3C2;
			remoteInfo = "NearPeerExample (macOS)";
		};
/* End PBXContainerItemProxy section */

/* Begin PBXFileReference section */
		528BEB1226872321008DB3C2 /* NearPeerExample.app */ = {isa = PBXFileReference; explicitFileType = wrapper.application; includeInIndex = 0; path = NearPeerExample.app; sourceTree = BUILT_PRODUCTS_DIR; };
		528BEB1526872321008DB3C2 /* Info.plist */ = {isa = PBXFileReference; lastKnownFileType = text.plist.xml; path = Info.plist; sourceTree = "<group>"; };
		528BEB1A26872321008DB3C2 /* NearPeerExample.app */ = {isa = PBXFileReference; explicitFileType = wrapper.application; includeInIndex = 0; path = NearPeerExample.app; sourceTree = BUILT_PRODUCTS_DIR; };
		528BEB1C26872321008DB3C2 /* Info.plist */ = {isa = PBXFileReference; lastKnownFileType = text.plist.xml; path = Info.plist; sourceTree = "<group>"; };
		528BEB1D26872321008DB3C2 /* macOS.entitlements */ = {isa = PBXFileReference; lastKnownFileType = text.plist.entitlements; path = macOS.entitlements; sourceTree = "<group>"; };
		528BEB2226872321008DB3C2 /* Tests iOS.xctest */ = {isa = PBXFileReference; explicitFileType = wrapper.cfbundle; includeInIndex = 0; path = "Tests iOS.xctest"; sourceTree = BUILT_PRODUCTS_DIR; };
		528BEB2626872321008DB3C2 /* Tests_iOS.swift */ = {isa = PBXFileReference; lastKnownFileType = sourcecode.swift; path = Tests_iOS.swift; sourceTree = "<group>"; };
		528BEB2826872321008DB3C2 /* Info.plist */ = {isa = PBXFileReference; lastKnownFileType = text.plist.xml; path = Info.plist; sourceTree = "<group>"; };
		528BEB2D26872321008DB3C2 /* Tests macOS.xctest */ = {isa = PBXFileReference; explicitFileType = wrapper.cfbundle; includeInIndex = 0; path = "Tests macOS.xctest"; sourceTree = BUILT_PRODUCTS_DIR; };
		528BEB3126872321008DB3C2 /* Tests_macOS.swift */ = {isa = PBXFileReference; lastKnownFileType = sourcecode.swift; path = Tests_macOS.swift; sourceTree = "<group>"; };
		528BEB3326872321008DB3C2 /* Info.plist */ = {isa = PBXFileReference; lastKnownFileType = text.plist.xml; path = Info.plist; sourceTree = "<group>"; };
		767F081D2E12D3DF008300B1 /* NearPeerConfiguration.swift */ = {isa = PBXFileReference; lastKnownFileType = sourcecode.swift; path = NearPeerConfiguration.swift; sourceTree = "<group>"; };
		767F081F2E12D3DF008300B1 /* ConnectionState.swift */ = {isa = PBXFileReference; lastKnownFileType = sourcecode.swift; path = ConnectionState.swift; sourceTree = "<group>"; };
		767F08212E12D3DF008300B1 /* NearPeerService.swift */ = {isa = PBXFileReference; lastKnownFileType = sourcecode.swift; path = NearPeerService.swift; sourceTree = "<group>"; };
		767F08232E12D3DF008300B1 /* ConnectionStatusCard.swift */ = {isa = PBXFileReference; lastKnownFileType = sourcecode.swift; path = ConnectionStatusCard.swift; sourceTree = "<group>"; };
		767F08242E12D3DF008300B1 /* ErrorMessageCard.swift */ = {isa = PBXFileReference; lastKnownFileType = sourcecode.swift; path = ErrorMessageCard.swift; sourceTree = "<group>"; };
		767F08252E12D3DF008300B1 /* MessageReceiveCard.swift */ = {isa = PBXFileReference; lastKnownFileType = sourcecode.swift; path = MessageReceiveCard.swift; sourceTree = "<group>"; };
		767F08262E12D3DF008300B1 /* MessageSendCard.swift */ = {isa = PBXFileReference; lastKnownFileType = sourcecode.swift; path = MessageSendCard.swift; sourceTree = "<group>"; };
		767F08292E12D3DF008300B1 /* Assets.xcassets */ = {isa = PBXFileReference; lastKnownFileType = folder.assetcatalog; path = Assets.xcassets; sourceTree = "<group>"; };
		767F082A2E12D3DF008300B1 /* BorderedText.swift */ = {isa = PBXFileReference; lastKnownFileType = sourcecode.swift; path = BorderedText.swift; sourceTree = "<group>"; };
		767F082B2E12D3DF008300B1 /* ContentView.swift */ = {isa = PBXFileReference; lastKnownFileType = sourcecode.swift; path = ContentView.swift; sourceTree = "<group>"; };
		767F082D2E12D3DF008300B1 /* NearPeerExampleApp.swift */ = {isa = PBXFileReference; lastKnownFileType = sourcecode.swift; path = NearPeerExampleApp.swift; sourceTree = "<group>"; };
/* End PBXFileReference section */

/* Begin PBXFrameworksBuildPhase section */
		528BEB0F26872321008DB3C2 /* Frameworks */ = {
			isa = PBXFrameworksBuildPhase;
			buildActionMask = 2147483647;
			files = (
				7654F8562E12D53B0037F6AC /* BwNearPeer in Frameworks */,
			);
			runOnlyForDeploymentPostprocessing = 0;
		};
		528BEB1726872321008DB3C2 /* Frameworks */ = {
			isa = PBXFrameworksBuildPhase;
			buildActionMask = 2147483647;
			files = (
			);
			runOnlyForDeploymentPostprocessing = 0;
		};
		528BEB1F26872321008DB3C2 /* Frameworks */ = {
			isa = PBXFrameworksBuildPhase;
			buildActionMask = 2147483647;
			files = (
			);
			runOnlyForDeploymentPostprocessing = 0;
		};
		528BEB2A26872321008DB3C2 /* Frameworks */ = {
			isa = PBXFrameworksBuildPhase;
			buildActionMask = 2147483647;
			files = (
			);
			runOnlyForDeploymentPostprocessing = 0;
		};
/* End PBXFrameworksBuildPhase section */

/* Begin PBXGroup section */
		528BEB0526872320008DB3C2 = {
			isa = PBXGroup;
			children = (
				767F082E2E12D3DF008300B1 /* Shared */,
				528BEB1426872321008DB3C2 /* iOS */,
				528BEB1B26872321008DB3C2 /* macOS */,
				528BEB2526872321008DB3C2 /* Tests iOS */,
				528BEB3026872321008DB3C2 /* Tests macOS */,
				528BEB1326872321008DB3C2 /* Products */,
			);
			sourceTree = "<group>";
		};
		528BEB1326872321008DB3C2 /* Products */ = {
			isa = PBXGroup;
			children = (
				528BEB1226872321008DB3C2 /* NearPeerExample.app */,
				528BEB1A26872321008DB3C2 /* NearPeerExample.app */,
				528BEB2226872321008DB3C2 /* Tests iOS.xctest */,
				528BEB2D26872321008DB3C2 /* Tests macOS.xctest */,
			);
			name = Products;
			sourceTree = "<group>";
		};
		528BEB1426872321008DB3C2 /* iOS */ = {
			isa = PBXGroup;
			children = (
				528BEB1526872321008DB3C2 /* Info.plist */,
			);
			path = iOS;
			sourceTree = "<group>";
		};
		528BEB1B26872321008DB3C2 /* macOS */ = {
			isa = PBXGroup;
			children = (
				528BEB1C26872321008DB3C2 /* Info.plist */,
				528BEB1D26872321008DB3C2 /* macOS.entitlements */,
			);
			path = macOS;
			sourceTree = "<group>";
		};
		528BEB2526872321008DB3C2 /* Tests iOS */ = {
			isa = PBXGroup;
			children = (
				528BEB2626872321008DB3C2 /* Tests_iOS.swift */,
				528BEB2826872321008DB3C2 /* Info.plist */,
			);
			path = "Tests iOS";
			sourceTree = "<group>";
		};
		528BEB3026872321008DB3C2 /* Tests macOS */ = {
			isa = PBXGroup;
			children = (
				528BEB3126872321008DB3C2 /* Tests_macOS.swift */,
				528BEB3326872321008DB3C2 /* Info.plist */,
			);
			path = "Tests macOS";
			sourceTree = "<group>";
		};
		767F081E2E12D3DF008300B1 /* Configuration */ = {
			isa = PBXGroup;
			children = (
				767F081D2E12D3DF008300B1 /* NearPeerConfiguration.swift */,
			);
			path = Configuration;
			sourceTree = "<group>";
		};
		767F08202E12D3DF008300B1 /* Models */ = {
			isa = PBXGroup;
			children = (
				767F081F2E12D3DF008300B1 /* ConnectionState.swift */,
			);
			path = Models;
			sourceTree = "<group>";
		};
		767F08222E12D3DF008300B1 /* Services */ = {
			isa = PBXGroup;
			children = (
				767F08212E12D3DF008300B1 /* NearPeerService.swift */,
			);
			path = Services;
			sourceTree = "<group>";
		};
		767F08272E12D3DF008300B1 /* Components */ = {
			isa = PBXGroup;
			children = (
				767F08232E12D3DF008300B1 /* ConnectionStatusCard.swift */,
				767F08242E12D3DF008300B1 /* ErrorMessageCard.swift */,
				767F08252E12D3DF008300B1 /* MessageReceiveCard.swift */,
				767F08262E12D3DF008300B1 /* MessageSendCard.swift */,
			);
			path = Components;
			sourceTree = "<group>";
		};
		767F08282E12D3DF008300B1 /* Views */ = {
			isa = PBXGroup;
			children = (
				767F08272E12D3DF008300B1 /* Components */,
			);
			path = Views;
			sourceTree = "<group>";
		};
		767F082E2E12D3DF008300B1 /* Shared */ = {
			isa = PBXGroup;
			children = (
				767F081E2E12D3DF008300B1 /* Configuration */,
				767F08202E12D3DF008300B1 /* Models */,
				767F08222E12D3DF008300B1 /* Services */,
				767F08282E12D3DF008300B1 /* Views */,
				767F08292E12D3DF008300B1 /* Assets.xcassets */,
				767F082A2E12D3DF008300B1 /* BorderedText.swift */,
				767F082B2E12D3DF008300B1 /* ContentView.swift */,
				767F082D2E12D3DF008300B1 /* NearPeerExampleApp.swift */,
			);
			path = Shared;
			sourceTree = "<group>";
		};
/* End PBXGroup section */

/* Begin PBXNativeTarget section */
		528BEB1126872321008DB3C2 /* NearPeerExample (iOS) */ = {
			isa = PBXNativeTarget;
			buildConfigurationList = 528BEB3C26872321008DB3C2 /* Build configuration list for PBXNativeTarget "NearPeerExample (iOS)" */;
			buildPhases = (
				52B7F01C268F794C0063DCF7 /* Run Swiftformat Script */,
				528BEB0E26872321008DB3C2 /* Sources */,
				528BEB0F26872321008DB3C2 /* Frameworks */,
				528BEB1026872321008DB3C2 /* Resources */,
			);
			buildRules = (
			);
			dependencies = (
			);
			name = "NearPeerExample (iOS)";
			packageProductDependencies = (
				7654F8552E12D53B0037F6AC /* BwNearPeer */,
			);
			productName = "NearPeerExample (iOS)";
			productReference = 528BEB1226872321008DB3C2 /* NearPeerExample.app */;
			productType = "com.apple.product-type.application";
		};
		528BEB1926872321008DB3C2 /* NearPeerExample (macOS) */ = {
			isa = PBXNativeTarget;
			buildConfigurationList = 528BEB3F26872321008DB3C2 /* Build configuration list for PBXNativeTarget "NearPeerExample (macOS)" */;
			buildPhases = (
				528BEB1626872321008DB3C2 /* Sources */,
				528BEB1726872321008DB3C2 /* Frameworks */,
				528BEB1826872321008DB3C2 /* Resources */,
			);
			buildRules = (
			);
			dependencies = (
			);
			name = "NearPeerExample (macOS)";
			productName = "NearPeerExample (macOS)";
			productReference = 528BEB1A26872321008DB3C2 /* NearPeerExample.app */;
			productType = "com.apple.product-type.application";
		};
		528BEB2126872321008DB3C2 /* Tests iOS */ = {
			isa = PBXNativeTarget;
			buildConfigurationList = 528BEB4226872321008DB3C2 /* Build configuration list for PBXNativeTarget "Tests iOS" */;
			buildPhases = (
				528BEB1E26872321008DB3C2 /* Sources */,
				528BEB1F26872321008DB3C2 /* Frameworks */,
				528BEB2026872321008DB3C2 /* Resources */,
			);
			buildRules = (
			);
			dependencies = (
				528BEB2426872321008DB3C2 /* PBXTargetDependency */,
			);
			name = "Tests iOS";
			productName = "Tests iOS";
			productReference = 528BEB2226872321008DB3C2 /* Tests iOS.xctest */;
			productType = "com.apple.product-type.bundle.ui-testing";
		};
		528BEB2C26872321008DB3C2 /* Tests macOS */ = {
			isa = PBXNativeTarget;
			buildConfigurationList = 528BEB4526872321008DB3C2 /* Build configuration list for PBXNativeTarget "Tests macOS" */;
			buildPhases = (
				528BEB2926872321008DB3C2 /* Sources */,
				528BEB2A26872321008DB3C2 /* Frameworks */,
				528BEB2B26872321008DB3C2 /* Resources */,
			);
			buildRules = (
			);
			dependencies = (
				528BEB2F26872321008DB3C2 /* PBXTargetDependency */,
			);
			name = "Tests macOS";
			productName = "Tests macOS";
			productReference = 528BEB2D26872321008DB3C2 /* Tests macOS.xctest */;
			productType = "com.apple.product-type.bundle.ui-testing";
		};
/* End PBXNativeTarget section */

/* Begin PBXProject section */
		528BEB0626872320008DB3C2 /* Project object */ = {
			isa = PBXProject;
			attributes = {
				LastSwiftUpdateCheck = 1250;
				LastUpgradeCheck = 1250;
				TargetAttributes = {
					528BEB1126872321008DB3C2 = {
						CreatedOnToolsVersion = 12.5.1;
					};
					528BEB1926872321008DB3C2 = {
						CreatedOnToolsVersion = 12.5.1;
					};
					528BEB2126872321008DB3C2 = {
						CreatedOnToolsVersion = 12.5.1;
						TestTargetID = 528BEB1126872321008DB3C2;
					};
					528BEB2C26872321008DB3C2 = {
						CreatedOnToolsVersion = 12.5.1;
						TestTargetID = 528BEB1926872321008DB3C2;
					};
				};
			};
			buildConfigurationList = 528BEB0926872320008DB3C2 /* Build configuration list for PBXProject "NearPeerExample" */;
			compatibilityVersion = "Xcode 9.3";
			developmentRegion = en;
			hasScannedForEncodings = 0;
			knownRegions = (
				en,
				Base,
			);
			mainGroup = 528BEB0526872320008DB3C2;
			packageReferences = (
				7654F8542E12D53B0037F6AC /* XCLocalSwiftPackageReference "../../../BwNearPeer" */,
			);
			productRefGroup = 528BEB1326872321008DB3C2 /* Products */;
			projectDirPath = "";
			projectRoot = "";
			targets = (
				528BEB1126872321008DB3C2 /* NearPeerExample (iOS) */,
				528BEB1926872321008DB3C2 /* NearPeerExample (macOS) */,
				528BEB2126872321008DB3C2 /* Tests iOS */,
				528BEB2C26872321008DB3C2 /* Tests macOS */,
			);
		};
/* End PBXProject section */

/* Begin PBXResourcesBuildPhase section */
		528BEB1026872321008DB3C2 /* Resources */ = {
			isa = PBXResourcesBuildPhase;
			buildActionMask = 2147483647;
			files = (
				767F082F2E12D3DF008300B1 /* Assets.xcassets in Resources */,
			);
			runOnlyForDeploymentPostprocessing = 0;
		};
		528BEB1826872321008DB3C2 /* Resources */ = {
			isa = PBXResourcesBuildPhase;
			buildActionMask = 2147483647;
			files = (
				767F083B2E12D3DF008300B1 /* Assets.xcassets in Resources */,
			);
			runOnlyForDeploymentPostprocessing = 0;
		};
		528BEB2026872321008DB3C2 /* Resources */ = {
			isa = PBXResourcesBuildPhase;
			buildActionMask = 2147483647;
			files = (
			);
			runOnlyForDeploymentPostprocessing = 0;
		};
		528BEB2B26872321008DB3C2 /* Resources */ = {
			isa = PBXResourcesBuildPhase;
			buildActionMask = 2147483647;
			files = (
			);
			runOnlyForDeploymentPostprocessing = 0;
		};
/* End PBXResourcesBuildPhase section */

/* Begin PBXShellScriptBuildPhase section */
		52B7F01C268F794C0063DCF7 /* Run Swiftformat Script */ = {
			isa = PBXShellScriptBuildPhase;
			buildActionMask = 2147483647;
			files = (
			);
			inputFileListPaths = (
			);
			inputPaths = (
			);
			name = "Run Swiftformat Script";
			outputFileListPaths = (
			);
			outputPaths = (
			);
			runOnlyForDeploymentPostprocessing = 0;
			shellPath = /bin/sh;
			shellScript = "if which swiftformat >/dev/null; then\n    swiftformat --exclude Carthage,Pods --stripunusedargs closure-only --extensionacl on-declarations --indentcase true --disable redundanttype,redundantRawValues,redundantSelf,trailingCommas,wrapMultilineStatementBraces ${SRCROOT}\nelse\n    echo \"⚠️warning: swiftformat not installed\"\nfi\n\n";
		};
/* End PBXShellScriptBuildPhase section */

/* Begin PBXSourcesBuildPhase section */
		528BEB0E26872321008DB3C2 /* Sources */ = {
			isa = PBXSourcesBuildPhase;
			buildActionMask = 2147483647;
			files = (
				767F08302E12D3DF008300B1 /* ErrorMessageCard.swift in Sources */,
				767F08312E12D3DF008300B1 /* MessageReceiveCard.swift in Sources */,
				767F08322E12D3DF008300B1 /* MessageSendCard.swift in Sources */,
				767F08332E12D3DF008300B1 /* ConnectionStatusCard.swift in Sources */,
				767F08352E12D3DF008300B1 /* ConnectionState.swift in Sources */,
				767F08362E12D3DF008300B1 /* NearPeerConfiguration.swift in Sources */,
				767F08372E12D3DF008300B1 /* NearPeerService.swift in Sources */,
				767F08382E12D3DF008300B1 /* BorderedText.swift in Sources */,
				767F08392E12D3DF008300B1 /* ContentView.swift in Sources */,
				767F083A2E12D3DF008300B1 /* NearPeerExampleApp.swift in Sources */,
			);
			runOnlyForDeploymentPostprocessing = 0;
		};
		528BEB1626872321008DB3C2 /* Sources */ = {
			isa = PBXSourcesBuildPhase;
			buildActionMask = 2147483647;
			files = (
				767F083C2E12D3DF008300B1 /* ErrorMessageCard.swift in Sources */,
				767F083D2E12D3DF008300B1 /* MessageReceiveCard.swift in Sources */,
				767F083E2E12D3DF008300B1 /* MessageSendCard.swift in Sources */,
				767F083F2E12D3DF008300B1 /* ConnectionStatusCard.swift in Sources */,
				767F08412E12D3DF008300B1 /* ConnectionState.swift in Sources */,
				767F08422E12D3DF008300B1 /* NearPeerConfiguration.swift in Sources */,
				767F08432E12D3DF008300B1 /* NearPeerService.swift in Sources */,
				767F08442E12D3DF008300B1 /* BorderedText.swift in Sources */,
				767F08452E12D3DF008300B1 /* ContentView.swift in Sources */,
				767F08462E12D3DF008300B1 /* NearPeerExampleApp.swift in Sources */,
			);
			runOnlyForDeploymentPostprocessing = 0;
		};
		528BEB1E26872321008DB3C2 /* Sources */ = {
			isa = PBXSourcesBuildPhase;
			buildActionMask = 2147483647;
			files = (
				528BEB2726872321008DB3C2 /* Tests_iOS.swift in Sources */,
			);
			runOnlyForDeploymentPostprocessing = 0;
		};
		528BEB2926872321008DB3C2 /* Sources */ = {
			isa = PBXSourcesBuildPhase;
			buildActionMask = 2147483647;
			files = (
				528BEB3226872321008DB3C2 /* Tests_macOS.swift in Sources */,
			);
			runOnlyForDeploymentPostprocessing = 0;
		};
/* End PBXSourcesBuildPhase section */

/* Begin PBXTargetDependency section */
		528BEB2426872321008DB3C2 /* PBXTargetDependency */ = {
			isa = PBXTargetDependency;
			target = 528BEB1126872321008DB3C2 /* NearPeerExample (iOS) */;
			targetProxy = 528BEB2326872321008DB3C2 /* PBXContainerItemProxy */;
		};
		528BEB2F26872321008DB3C2 /* PBXTargetDependency */ = {
			isa = PBXTargetDependency;
			target = 528BEB1926872321008DB3C2 /* NearPeerExample (macOS) */;
			targetProxy = 528BEB2E26872321008DB3C2 /* PBXContainerItemProxy */;
		};
/* End PBXTargetDependency section */

/* Begin XCBuildConfiguration section */
		528BEB3A26872321008DB3C2 /* Debug */ = {
			isa = XCBuildConfiguration;
			buildSettings = {
				ALWAYS_SEARCH_USER_PATHS = NO;
				CLANG_ANALYZER_NONNULL = YES;
				CLANG_ANALYZER_NUMBER_OBJECT_CONVERSION = YES_AGGRESSIVE;
				CLANG_CXX_LANGUAGE_STANDARD = "gnu++14";
				CLANG_CXX_LIBRARY = "libc++";
				CLANG_ENABLE_MODULES = YES;
				CLANG_ENABLE_OBJC_ARC = YES;
				CLANG_ENABLE_OBJC_WEAK = YES;
				CLANG_WARN_BLOCK_CAPTURE_AUTORELEASING = YES;
				CLANG_WARN_BOOL_CONVERSION = YES;
				CLANG_WARN_COMMA = YES;
				CLANG_WARN_CONSTANT_CONVERSION = YES;
				CLANG_WARN_DEPRECATED_OBJC_IMPLEMENTATIONS = YES;
				CLANG_WARN_DIRECT_OBJC_ISA_USAGE = YES_ERROR;
				CLANG_WARN_DOCUMENTATION_COMMENTS = YES;
				CLANG_WARN_EMPTY_BODY = YES;
				CLANG_WARN_ENUM_CONVERSION = YES;
				CLANG_WARN_INFINITE_RECURSION = YES;
				CLANG_WARN_INT_CONVERSION = YES;
				CLANG_WARN_NON_LITERAL_NULL_CONVERSION = YES;
				CLANG_WARN_OBJC_IMPLICIT_RETAIN_SELF = YES;
				CLANG_WARN_OBJC_LITERAL_CONVERSION = YES;
				CLANG_WARN_OBJC_ROOT_CLASS = YES_ERROR;
				CLANG_WARN_QUOTED_INCLUDE_IN_FRAMEWORK_HEADER = YES;
				CLANG_WARN_RANGE_LOOP_ANALYSIS = YES;
				CLANG_WARN_STRICT_PROTOTYPES = YES;
				CLANG_WARN_SUSPICIOUS_MOVE = YES;
				CLANG_WARN_UNGUARDED_AVAILABILITY = YES_AGGRESSIVE;
				CLANG_WARN_UNREACHABLE_CODE = YES;
				CLANG_WARN__DUPLICATE_METHOD_MATCH = YES;
				COPY_PHASE_STRIP = NO;
				DEBUG_INFORMATION_FORMAT = dwarf;
				ENABLE_STRICT_OBJC_MSGSEND = YES;
				ENABLE_TESTABILITY = YES;
				GCC_C_LANGUAGE_STANDARD = gnu11;
				GCC_DYNAMIC_NO_PIC = NO;
				GCC_NO_COMMON_BLOCKS = YES;
				GCC_OPTIMIZATION_LEVEL = 0;
				GCC_PREPROCESSOR_DEFINITIONS = (
					"DEBUG=1",
					"$(inherited)",
				);
				GCC_WARN_64_TO_32_BIT_CONVERSION = YES;
				GCC_WARN_ABOUT_RETURN_TYPE = YES_ERROR;
				GCC_WARN_UNDECLARED_SELECTOR = YES;
				GCC_WARN_UNINITIALIZED_AUTOS = YES_AGGRESSIVE;
				GCC_WARN_UNUSED_FUNCTION = YES;
				GCC_WARN_UNUSED_VARIABLE = YES;
				MTL_ENABLE_DEBUG_INFO = INCLUDE_SOURCE;
				MTL_FAST_MATH = YES;
				ONLY_ACTIVE_ARCH = YES;
				SWIFT_ACTIVE_COMPILATION_CONDITIONS = DEBUG;
				SWIFT_OPTIMIZATION_LEVEL = "-Onone";
			};
			name = Debug;
		};
		528BEB3B26872321008DB3C2 /* Release */ = {
			isa = XCBuildConfiguration;
			buildSettings = {
				ALWAYS_SEARCH_USER_PATHS = NO;
				CLANG_ANALYZER_NONNULL = YES;
				CLANG_ANALYZER_NUMBER_OBJECT_CONVERSION = YES_AGGRESSIVE;
				CLANG_CXX_LANGUAGE_STANDARD = "gnu++14";
				CLANG_CXX_LIBRARY = "libc++";
				CLANG_ENABLE_MODULES = YES;
				CLANG_ENABLE_OBJC_ARC = YES;
				CLANG_ENABLE_OBJC_WEAK = YES;
				CLANG_WARN_BLOCK_CAPTURE_AUTORELEASING = YES;
				CLANG_WARN_BOOL_CONVERSION = YES;
				CLANG_WARN_COMMA = YES;
				CLANG_WARN_CONSTANT_CONVERSION = YES;
				CLANG_WARN_DEPRECATED_OBJC_IMPLEMENTATIONS = YES;
				CLANG_WARN_DIRECT_OBJC_ISA_USAGE = YES_ERROR;
				CLANG_WARN_DOCUMENTATION_COMMENTS = YES;
				CLANG_WARN_EMPTY_BODY = YES;
				CLANG_WARN_ENUM_CONVERSION = YES;
				CLANG_WARN_INFINITE_RECURSION = YES;
				CLANG_WARN_INT_CONVERSION = YES;
				CLANG_WARN_NON_LITERAL_NULL_CONVERSION = YES;
				CLANG_WARN_OBJC_IMPLICIT_RETAIN_SELF = YES;
				CLANG_WARN_OBJC_LITERAL_CONVERSION = YES;
				CLANG_WARN_OBJC_ROOT_CLASS = YES_ERROR;
				CLANG_WARN_QUOTED_INCLUDE_IN_FRAMEWORK_HEADER = YES;
				CLANG_WARN_RANGE_LOOP_ANALYSIS = YES;
				CLANG_WARN_STRICT_PROTOTYPES = YES;
				CLANG_WARN_SUSPICIOUS_MOVE = YES;
				CLANG_WARN_UNGUARDED_AVAILABILITY = YES_AGGRESSIVE;
				CLANG_WARN_UNREACHABLE_CODE = YES;
				CLANG_WARN__DUPLICATE_METHOD_MATCH = YES;
				COPY_PHASE_STRIP = NO;
				DEBUG_INFORMATION_FORMAT = "dwarf-with-dsym";
				ENABLE_NS_ASSERTIONS = NO;
				ENABLE_STRICT_OBJC_MSGSEND = YES;
				GCC_C_LANGUAGE_STANDARD = gnu11;
				GCC_NO_COMMON_BLOCKS = YES;
				GCC_WARN_64_TO_32_BIT_CONVERSION = YES;
				GCC_WARN_ABOUT_RETURN_TYPE = YES_ERROR;
				GCC_WARN_UNDECLARED_SELECTOR = YES;
				GCC_WARN_UNINITIALIZED_AUTOS = YES_AGGRESSIVE;
				GCC_WARN_UNUSED_FUNCTION = YES;
				GCC_WARN_UNUSED_VARIABLE = YES;
				MTL_ENABLE_DEBUG_INFO = NO;
				MTL_FAST_MATH = YES;
				SWIFT_COMPILATION_MODE = wholemodule;
				SWIFT_OPTIMIZATION_LEVEL = "-O";
			};
			name = Release;
		};
		528BEB3D26872321008DB3C2 /* Debug */ = {
			isa = XCBuildConfiguration;
			buildSettings = {
				ASSETCATALOG_COMPILER_APPICON_NAME = AppIcon;
				ASSETCATALOG_COMPILER_GLOBAL_ACCENT_COLOR_NAME = AccentColor;
				CODE_SIGN_STYLE = Automatic;
				DEVELOPMENT_TEAM = D6A5KP29BP;
				ENABLE_PREVIEWS = YES;
				INFOPLIST_FILE = iOS/Info.plist;
				IPHONEOS_DEPLOYMENT_TARGET = 17.0;
				LD_RUNPATH_SEARCH_PATHS = (
					"$(inherited)",
					"@executable_path/Frameworks",
				);
				PRODUCT_BUNDLE_IDENTIFIER = "jp.beowulf-tech.NearPeerExample";
				PRODUCT_NAME = NearPeerExample;
				SDKROOT = iphoneos;
				SWIFT_VERSION = 5.0;
				TARGETED_DEVICE_FAMILY = "1,2";
			};
			name = Debug;
		};
		528BEB3E26872321008DB3C2 /* Release */ = {
			isa = XCBuildConfiguration;
			buildSettings = {
				ASSETCATALOG_COMPILER_APPICON_NAME = AppIcon;
				ASSETCATALOG_COMPILER_GLOBAL_ACCENT_COLOR_NAME = AccentColor;
				CODE_SIGN_STYLE = Automatic;
				DEVELOPMENT_TEAM = D6A5KP29BP;
				ENABLE_PREVIEWS = YES;
				INFOPLIST_FILE = iOS/Info.plist;
				IPHONEOS_DEPLOYMENT_TARGET = 17.0;
				LD_RUNPATH_SEARCH_PATHS = (
					"$(inherited)",
					"@executable_path/Frameworks",
				);
				PRODUCT_BUNDLE_IDENTIFIER = "jp.beowulf-tech.NearPeerExample";
				PRODUCT_NAME = NearPeerExample;
				SDKROOT = iphoneos;
				SWIFT_VERSION = 5.0;
				TARGETED_DEVICE_FAMILY = "1,2";
				VALIDATE_PRODUCT = YES;
			};
			name = Release;
		};
		528BEB4026872321008DB3C2 /* Debug */ = {
			isa = XCBuildConfiguration;
			buildSettings = {
				ASSETCATALOG_COMPILER_APPICON_NAME = AppIcon;
				ASSETCATALOG_COMPILER_GLOBAL_ACCENT_COLOR_NAME = AccentColor;
				CODE_SIGN_ENTITLEMENTS = macOS/macOS.entitlements;
				CODE_SIGN_STYLE = Automatic;
				COMBINE_HIDPI_IMAGES = YES;
				DEVELOPMENT_TEAM = D6A5KP29BP;
				ENABLE_HARDENED_RUNTIME = YES;
				ENABLE_PREVIEWS = YES;
				INFOPLIST_FILE = macOS/Info.plist;
				LD_RUNPATH_SEARCH_PATHS = (
					"$(inherited)",
					"@executable_path/../Frameworks",
				);
				MACOSX_DEPLOYMENT_TARGET = 14.6;
				PRODUCT_BUNDLE_IDENTIFIER = "jp.beowulf-tech.NearPeerExample";
				PRODUCT_NAME = NearPeerExample;
				SDKROOT = macosx;
				SWIFT_VERSION = 5.0;
			};
			name = Debug;
		};
		528BEB4126872321008DB3C2 /* Release */ = {
			isa = XCBuildConfiguration;
			buildSettings = {
				ASSETCATALOG_COMPILER_APPICON_NAME = AppIcon;
				ASSETCATALOG_COMPILER_GLOBAL_ACCENT_COLOR_NAME = AccentColor;
				CODE_SIGN_ENTITLEMENTS = macOS/macOS.entitlements;
				CODE_SIGN_STYLE = Automatic;
				COMBINE_HIDPI_IMAGES = YES;
				DEVELOPMENT_TEAM = D6A5KP29BP;
				ENABLE_HARDENED_RUNTIME = YES;
				ENABLE_PREVIEWS = YES;
				INFOPLIST_FILE = macOS/Info.plist;
				LD_RUNPATH_SEARCH_PATHS = (
					"$(inherited)",
					"@executable_path/../Frameworks",
				);
				MACOSX_DEPLOYMENT_TARGET = 14.6;
				PRODUCT_BUNDLE_IDENTIFIER = "jp.beowulf-tech.NearPeerExample";
				PRODUCT_NAME = NearPeerExample;
				SDKROOT = macosx;
				SWIFT_VERSION = 5.0;
			};
			name = Release;
		};
		528BEB4326872321008DB3C2 /* Debug */ = {
			isa = XCBuildConfiguration;
			buildSettings = {
				CODE_SIGN_STYLE = Automatic;
				DEVELOPMENT_TEAM = D6A5KP29BP;
				INFOPLIST_FILE = "Tests iOS/Info.plist";
				IPHONEOS_DEPLOYMENT_TARGET = 14.5;
				LD_RUNPATH_SEARCH_PATHS = (
					"$(inherited)",
					"@executable_path/Frameworks",
					"@loader_path/Frameworks",
				);
				PRODUCT_BUNDLE_IDENTIFIER = "jp.beowulf-tech.Tests-iOS";
				PRODUCT_NAME = "$(TARGET_NAME)";
				SDKROOT = iphoneos;
				SWIFT_VERSION = 5.0;
				TARGETED_DEVICE_FAMILY = "1,2";
				TEST_TARGET_NAME = "NearPeerExample (iOS)";
			};
			name = Debug;
		};
		528BEB4426872321008DB3C2 /* Release */ = {
			isa = XCBuildConfiguration;
			buildSettings = {
				CODE_SIGN_STYLE = Automatic;
				DEVELOPMENT_TEAM = D6A5KP29BP;
				INFOPLIST_FILE = "Tests iOS/Info.plist";
				IPHONEOS_DEPLOYMENT_TARGET = 14.5;
				LD_RUNPATH_SEARCH_PATHS = (
					"$(inherited)",
					"@executable_path/Frameworks",
					"@loader_path/Frameworks",
				);
				PRODUCT_BUNDLE_IDENTIFIER = "jp.beowulf-tech.Tests-iOS";
				PRODUCT_NAME = "$(TARGET_NAME)";
				SDKROOT = iphoneos;
				SWIFT_VERSION = 5.0;
				TARGETED_DEVICE_FAMILY = "1,2";
				TEST_TARGET_NAME = "NearPeerExample (iOS)";
				VALIDATE_PRODUCT = YES;
			};
			name = Release;
		};
		528BEB4626872321008DB3C2 /* Debug */ = {
			isa = XCBuildConfiguration;
			buildSettings = {
				CODE_SIGN_STYLE = Automatic;
				COMBINE_HIDPI_IMAGES = YES;
				DEVELOPMENT_TEAM = D6A5KP29BP;
				INFOPLIST_FILE = "Tests macOS/Info.plist";
				LD_RUNPATH_SEARCH_PATHS = (
					"$(inherited)",
					"@executable_path/../Frameworks",
					"@loader_path/../Frameworks",
				);
				MACOSX_DEPLOYMENT_TARGET = 11.3;
				PRODUCT_BUNDLE_IDENTIFIER = "jp.beowulf-tech.Tests-macOS";
				PRODUCT_NAME = "$(TARGET_NAME)";
				SDKROOT = macosx;
				SWIFT_VERSION = 5.0;
				TEST_TARGET_NAME = "NearPeerExample (macOS)";
			};
			name = Debug;
		};
		528BEB4726872321008DB3C2 /* Release */ = {
			isa = XCBuildConfiguration;
			buildSettings = {
				CODE_SIGN_STYLE = Automatic;
				COMBINE_HIDPI_IMAGES = YES;
				DEVELOPMENT_TEAM = D6A5KP29BP;
				INFOPLIST_FILE = "Tests macOS/Info.plist";
				LD_RUNPATH_SEARCH_PATHS = (
					"$(inherited)",
					"@executable_path/../Frameworks",
					"@loader_path/../Frameworks",
				);
				MACOSX_DEPLOYMENT_TARGET = 11.3;
				PRODUCT_BUNDLE_IDENTIFIER = "jp.beowulf-tech.Tests-macOS";
				PRODUCT_NAME = "$(TARGET_NAME)";
				SDKROOT = macosx;
				SWIFT_VERSION = 5.0;
				TEST_TARGET_NAME = "NearPeerExample (macOS)";
			};
			name = Release;
		};
/* End XCBuildConfiguration section */

/* Begin XCConfigurationList section */
		528BEB0926872320008DB3C2 /* Build configuration list for PBXProject "NearPeerExample" */ = {
			isa = XCConfigurationList;
			buildConfigurations = (
				528BEB3A26872321008DB3C2 /* Debug */,
				528BEB3B26872321008DB3C2 /* Release */,
			);
			defaultConfigurationIsVisible = 0;
			defaultConfigurationName = Release;
		};
		528BEB3C26872321008DB3C2 /* Build configuration list for PBXNativeTarget "NearPeerExample (iOS)" */ = {
			isa = XCConfigurationList;
			buildConfigurations = (
				528BEB3D26872321008DB3C2 /* Debug */,
				528BEB3E26872321008DB3C2 /* Release */,
			);
			defaultConfigurationIsVisible = 0;
			defaultConfigurationName = Release;
		};
		528BEB3F26872321008DB3C2 /* Build configuration list for PBXNativeTarget "NearPeerExample (macOS)" */ = {
			isa = XCConfigurationList;
			buildConfigurations = (
				528BEB4026872321008DB3C2 /* Debug */,
				528BEB4126872321008DB3C2 /* Release */,
			);
			defaultConfigurationIsVisible = 0;
			defaultConfigurationName = Release;
		};
		528BEB4226872321008DB3C2 /* Build configuration list for PBXNativeTarget "Tests iOS" */ = {
			isa = XCConfigurationList;
			buildConfigurations = (
				528BEB4326872321008DB3C2 /* Debug */,
				528BEB4426872321008DB3C2 /* Release */,
			);
			defaultConfigurationIsVisible = 0;
			defaultConfigurationName = Release;
		};
		528BEB4526872321008DB3C2 /* Build configuration list for PBXNativeTarget "Tests macOS" */ = {
			isa = XCConfigurationList;
			buildConfigurations = (
				528BEB4626872321008DB3C2 /* Debug */,
				528BEB4726872321008DB3C2 /* Release */,
			);
			defaultConfigurationIsVisible = 0;
			defaultConfigurationName = Release;
		};
/* End XCConfigurationList section */

/* Begin XCLocalSwiftPackageReference section */
		7654F8542E12D53B0037F6AC /* XCLocalSwiftPackageReference "../../../BwNearPeer" */ = {
			isa = XCLocalSwiftPackageReference;
			relativePath = ../../../BwNearPeer;
		};
/* End XCLocalSwiftPackageReference section */

/* Begin XCSwiftPackageProductDependency section */
		7654F8552E12D53B0037F6AC /* BwNearPeer */ = {
			isa = XCSwiftPackageProductDependency;
			productName = BwNearPeer;
		};
/* End XCSwiftPackageProductDependency section */
	};
	rootObject = 528BEB0626872320008DB3C2 /* Project object */;
}
